
Microsoft Visual Studio Solution File, Format Version 12.00
# Visual Studio 15
VisualStudioVersion = 15.0.28307.421
MinimumVisualStudioVersion = 10.0.40219.1
Project("{8BC9CEB8-8B4A-11D0-8D11-00A0C91BC942}") = "GPSParser", "GPSParser\GPSParser.vcxproj", "{EF9625F0-6B7D-4EB2-8F0B-297C6D5329FC}"
EndProject
Global
	GlobalSection(SolutionConfigurationPlatforms) = preSolution
		Debug|x64 = Debug|x64
		Debug|x86 = Debug|x86
		Release|x64 = Release|x64
		Release|x86 = Release|x86
	EndGlobalSection
	GlobalSection(ProjectConfigurationPlatforms) = postSolution
		{EF9625F0-6B7D-4EB2-8F0B-297C6D5329FC}.Debug|x64.ActiveCfg = Debug|x64
		{EF9625F0-6B7D-4EB2-8F0B-297C6D5329FC}.Debug|x64.Build.0 = Debug|x64
		{EF9625F0-6B7D-4EB2-8F0B-297C6D5329FC}.Debug|x86.ActiveCfg = Debug|Win32
		{EF9625F0-6B7D-4EB2-8F0B-297C6D5329FC}.Debug|x86.Build.0 = Debug|Win32
		{EF9625F0-6B7D-4EB2-8F0B-297C6D5329FC}.Release|x64.ActiveCfg = Release|x64
		{EF9625F0-6B7D-4EB2-8F0B-297C6D5329FC}.Release|x64.Build.0 = Release|x64
		{EF9625F0-6B7D-4EB2-8F0B-297C6D5329FC}.Release|x86.ActiveCfg = Release|Win32
		{EF9625F0-6B7D-4EB2-8F0B-297C6D5329FC}.Release|x86.Build.0 = Release|Win32
	EndGlobalSection
	GlobalSection(SolutionProperties) = preSolution
		HideSolutionNode = FALSE
	EndGlobalSection
	GlobalSection(ExtensibilityGlobals) = postSolution
		SolutionGuid = {A6AE7396-9853-45C5-856A-2DF953F10B94}
	EndGlobalSection
EndGlobal
